Microsoft Visual Studio Solution File, Format Version 11.00
# Visual Studio 2008

Project("{EF160064-BBB7-59C7-0E4C-DC237CCC474B}") = "AdventOfCode", "Assembly-CSharp.csproj", "{C5B2CDE2-3975-35D5-4D6C-F93CECBAE364}"
EndProject
Global
	GlobalSection(SolutionConfigurationPlatforms) = preSolution
		Debug|Any CPU = Debug|Any CPU
		Release|Any CPU = Release|Any CPU
	EndGlobalSection
	GlobalSection(ProjectConfigurationPlatforms) = postSolution
		{C5B2CDE2-3975-35D5-4D6C-F93CECBAE364}.Debug|Any CPU.ActiveCfg = Debug|Any CPU
		{C5B2CDE2-3975-35D5-4D6C-F93CECBAE364}.Debug|Any CPU.Build.0 = Debug|Any CPU
		{C5B2CDE2-3975-35D5-4D6C-F93CECBAE364}.Release|Any CPU.ActiveCfg = Release|Any CPU
		{C5B2CDE2-3975-35D5-4D6C-F93CECBAE364}.Release|Any CPU.Build.0 = Release|Any CPU
	EndGlobalSection
	GlobalSection(SolutionProperties) = preSolution
		HideSolutionNode = FALSE
	EndGlobalSection
	GlobalSection(MonoDevelopProperties) = preSolution
		StartupItem = Assembly-CSharp.csproj
	EndGlobalSection
EndGlobal
